
Microsoft Visual Studio Solution File, Format Version 12.00
# Visual Studio Version 16
VisualStudioVersion = 16.0.29324.140
MinimumVisualStudioVersion = 10.0.40219.1
Project("{9A19103F-16F7-4668-BE54-9A1E7A4F7556}") = "Three", "Three\Three.csproj", "{A690BFA6-7DE5-4D99-9F90-98E83CC96A72}"
EndProject
Project("{9A19103F-16F7-4668-BE54-9A1E7A4F7556}") = "ThreePage", "ThreePage\ThreePage.csproj", "{211EE5A7-780A-4945-AEA2-671DAB6503EA}"
EndProject
Project("{9A19103F-16F7-4668-BE54-9A1E7A4F7556}") = "SignalRDemo", "SignalRDemo\SignalRDemo.csproj", "{956B2E08-CF3C-43D6-B5BA-72C13E7EBC82}"
EndProject
Project("{9A19103F-16F7-4668-BE54-9A1E7A4F7556}") = "ThreeBlazor", "ThreeBlazor\ThreeBlazor.csproj", "{E45F3E2F-3BCD-49CB-8634-3FBD7C145E0A}"
EndProject
Project("{9A19103F-16F7-4668-BE54-9A1E7A4F7556}") = "MyMiddleware", "MyMiddleware\MyMiddleware.csproj", "{18CAABF5-36BA-4E26-A8E9-9BE189AFBD24}"
EndProject
Project("{2150E333-8FDC-42A3-9474-1A3956D46DE8}") = "Solution Items", "Solution Items", "{4EC2252F-270B-4E8A-A9E0-2D35A5EB5862}"
	ProjectSection(SolutionItems) = preProject
		.editorconfig = .editorconfig
	EndProjectSection
EndProject
Global
	GlobalSection(SolutionConfigurationPlatforms) = preSolution
		Debug|Any CPU = Debug|Any CPU
		Release|Any CPU = Release|Any CPU
	EndGlobalSection
	GlobalSection(ProjectConfigurationPlatforms) = postSolution
		{A690BFA6-7DE5-4D99-9F90-98E83CC96A72}.Debug|Any CPU.ActiveCfg = Debug|Any CPU
		{A690BFA6-7DE5-4D99-9F90-98E83CC96A72}.Debug|Any CPU.Build.0 = Debug|Any CPU
		{A690BFA6-7DE5-4D99-9F90-98E83CC96A72}.Release|Any CPU.ActiveCfg = Release|Any CPU
		{A690BFA6-7DE5-4D99-9F90-98E83CC96A72}.Release|Any CPU.Build.0 = Release|Any CPU
		{211EE5A7-780A-4945-AEA2-671DAB6503EA}.Debug|Any CPU.ActiveCfg = Debug|Any CPU
		{211EE5A7-780A-4945-AEA2-671DAB6503EA}.Debug|Any CPU.Build.0 = Debug|Any CPU
		{211EE5A7-780A-4945-AEA2-671DAB6503EA}.Release|Any CPU.ActiveCfg = Release|Any CPU
		{211EE5A7-780A-4945-AEA2-671DAB6503EA}.Release|Any CPU.Build.0 = Release|Any CPU
		{956B2E08-CF3C-43D6-B5BA-72C13E7EBC82}.Debug|Any CPU.ActiveCfg = Debug|Any CPU
		{956B2E08-CF3C-43D6-B5BA-72C13E7EBC82}.Debug|Any CPU.Build.0 = Debug|Any CPU
		{956B2E08-CF3C-43D6-B5BA-72C13E7EBC82}.Release|Any CPU.ActiveCfg = Release|Any CPU
		{956B2E08-CF3C-43D6-B5BA-72C13E7EBC82}.Release|Any CPU.Build.0 = Release|Any CPU
		{E45F3E2F-3BCD-49CB-8634-3FBD7C145E0A}.Debug|Any CPU.ActiveCfg = Debug|Any CPU
		{E45F3E2F-3BCD-49CB-8634-3FBD7C145E0A}.Debug|Any CPU.Build.0 = Debug|Any CPU
		{E45F3E2F-3BCD-49CB-8634-3FBD7C145E0A}.Release|Any CPU.ActiveCfg = Release|Any CPU
		{E45F3E2F-3BCD-49CB-8634-3FBD7C145E0A}.Release|Any CPU.Build.0 = Release|Any CPU
		{18CAABF5-36BA-4E26-A8E9-9BE189AFBD24}.Debug|Any CPU.ActiveCfg = Debug|Any CPU
		{18CAABF5-36BA-4E26-A8E9-9BE189AFBD24}.Debug|Any CPU.Build.0 = Debug|Any CPU
		{18CAABF5-36BA-4E26-A8E9-9BE189AFBD24}.Release|Any CPU.ActiveCfg = Release|Any CPU
		{18CAABF5-36BA-4E26-A8E9-9BE189AFBD24}.Release|Any CPU.Build.0 = Release|Any CPU
	EndGlobalSection
	GlobalSection(SolutionProperties) = preSolution
		HideSolutionNode = FALSE
	EndGlobalSection
	GlobalSection(ExtensibilityGlobals) = postSolution
		SolutionGuid = {0EE0234B-EA25-4ECF-A171-3A50B9E18916}
	EndGlobalSection
EndGlobal
